
Microsoft Visual Studio Solution File, Format Version 12.00
# Visual Studio Version 17
VisualStudioVersion = 17.7.34031.279
MinimumVisualStudioVersion = 10.0.40219.1
Project("{888888A0-9F3D-457C-B088-3A5042F75D52}") = "CrawlingsTools", "CrawlingsTools.pyproj", "{406CCE0B-00BD-4A61-BC19-C09925DC9BB8}"
EndProject
Global
	GlobalSection(SolutionConfigurationPlatforms) = preSolution
		Debug|Any CPU = Debug|Any CPU
		Release|Any CPU = Release|Any CPU
	EndGlobalSection
	GlobalSection(ProjectConfigurationPlatforms) = postSolution
		{406CCE0B-00BD-4A61-BC19-C09925DC9BB8}.Debug|Any CPU.ActiveCfg = Debug|Any CPU
		{406CCE0B-00BD-4A61-BC19-C09925DC9BB8}.Release|Any CPU.ActiveCfg = Release|Any CPU
	EndGlobalSection
	GlobalSection(SolutionProperties) = preSolution
		HideSolutionNode = FALSE
	EndGlobalSection
	GlobalSection(ExtensibilityGlobals) = postSolution
		SolutionGuid = {0A8BA209-640A-469A-84BA-0E3D01B4857C}
	EndGlobalSection
EndGlobal
